// !$*UTF8*$!
{
	archiveVersion = 1;
	classes = {
	};
	objectVersion = 55;
	objects = {

/* Begin PBXBuildFile section */
		49007EB92744FF8F00BEE282 /* FakeURLSession.swift in Sources */ = {isa = PBXBuildFile; fileRef = 49007EB82744FF8F00BEE282 /* FakeURLSession.swift */; };
		49007EC527450F0700BEE282 /* Currency.json in Resources */ = {isa = PBXBuildFile; fileRef = 49007EC427450F0700BEE282 /* Currency.json */; };
		49007EC72745109600BEE282 /* FakeResponseData.swift in Sources */ = {isa = PBXBuildFile; fileRef = 49007EC62745109600BEE282 /* FakeResponseData.swift */; };
		4927D8CD27297E4100A275E8 /* PostLaunchViewController.swift in Sources */ = {isa = PBXBuildFile; fileRef = 4927D8CC27297E4100A275E8 /* PostLaunchViewController.swift */; };
		4937DAC9273BFAE600B2DB97 /* Translate.json in Resources */ = {isa = PBXBuildFile; fileRef = 4937DAC8273BFAE600B2DB97 /* Translate.json */; };
		4937DACD273BFAFA00B2DB97 /* Weather.json in Resources */ = {isa = PBXBuildFile; fileRef = 4937DACC273BFAFA00B2DB97 /* Weather.json */; };
		4937DACF273BFB0800B2DB97 /* WeatherNY.json in Resources */ = {isa = PBXBuildFile; fileRef = 4937DACE273BFB0800B2DB97 /* WeatherNY.json */; };
		49398FAA270D92F800DD6CE1 /* AppDelegate.swift in Sources */ = {isa = PBXBuildFile; fileRef = 49398FA9270D92F800DD6CE1 /* AppDelegate.swift */; };
		49398FAC270D92F800DD6CE1 /* SceneDelegate.swift in Sources */ = {isa = PBXBuildFile; fileRef = 49398FAB270D92F800DD6CE1 /* SceneDelegate.swift */; };
		49398FB1270D92F800DD6CE1 /* Main.storyboard in Resources */ = {isa = PBXBuildFile; fileRef = 49398FAF270D92F800DD6CE1 /* Main.storyboard */; };
		49398FB3270D92FB00DD6CE1 /* Assets.xcassets in Resources */ = {isa = PBXBuildFile; fileRef = 49398FB2270D92FB00DD6CE1 /* Assets.xcassets */; };
		49398FB6270D92FB00DD6CE1 /* LaunchScreen.storyboard in Resources */ = {isa = PBXBuildFile; fileRef = 49398FB4270D92FB00DD6CE1 /* LaunchScreen.storyboard */; };
		495987042746582000672D96 /* DesignableView.swift in Sources */ = {isa = PBXBuildFile; fileRef = 495987032746581F00672D96 /* DesignableView.swift */; };
		496D155A27200556007A6461 /* CurrencyViewController.swift in Sources */ = {isa = PBXBuildFile; fileRef = 496D155927200556007A6461 /* CurrencyViewController.swift */; };
		49A32AAD2729338B00E076FB /* Currency.swift in Sources */ = {isa = PBXBuildFile; fileRef = 49A32AAC2729338B00E076FB /* Currency.swift */; };
		49A7936E274657AF00699F60 /* DesignableButton.swift in Sources */ = {isa = PBXBuildFile; fileRef = 49A7936D274657AF00699F60 /* DesignableButton.swift */; };
		49BD931A2732985C00875EA6 /* citylist.json in Resources */ = {isa = PBXBuildFile; fileRef = 49BD93192732985C00875EA6 /* citylist.json */; };
		49BD93242732A11F00875EA6 /* ApiKeys.swift in Sources */ = {isa = PBXBuildFile; fileRef = 49BD93232732A11F00875EA6 /* ApiKeys.swift */; };
		49D1526727294CE8001D24EF /* CurrencyService.swift in Sources */ = {isa = PBXBuildFile; fileRef = 49D1526627294CE8001D24EF /* CurrencyService.swift */; };
		49D1526A27294DD1001D24EF /* SettingSerivce.swift in Sources */ = {isa = PBXBuildFile; fileRef = 49D1526927294DD1001D24EF /* SettingSerivce.swift */; };
		49D1526D27294E2F001D24EF /* Protocol.swift in Sources */ = {isa = PBXBuildFile; fileRef = 49D1526C27294E2F001D24EF /* Protocol.swift */; };
		49D1527127294F9B001D24EF /* CurrenciesListViewController.swift in Sources */ = {isa = PBXBuildFile; fileRef = 49D1527027294F9B001D24EF /* CurrenciesListViewController.swift */; };
		49D1527327296DC2001D24EF /* ConstomTabBarViewController.swift in Sources */ = {isa = PBXBuildFile; fileRef = 49D1527227296DC2001D24EF /* ConstomTabBarViewController.swift */; };
		49D1527527296F14001D24EF /* TranslatorViewController.swift in Sources */ = {isa = PBXBuildFile; fileRef = 49D1527427296F14001D24EF /* TranslatorViewController.swift */; };
		49D1527727296F56001D24EF /* WeatherViewController.swift in Sources */ = {isa = PBXBuildFile; fileRef = 49D1527627296F56001D24EF /* WeatherViewController.swift */; };
		49D1527927296F8F001D24EF /* CityListViewController.swift in Sources */ = {isa = PBXBuildFile; fileRef = 49D1527827296F8F001D24EF /* CityListViewController.swift */; };
		49D1527B27297008001D24EF /* City.swift in Sources */ = {isa = PBXBuildFile; fileRef = 49D1527A27297008001D24EF /* City.swift */; };
		49D1527D27297069001D24EF /* Weather.swift in Sources */ = {isa = PBXBuildFile; fileRef = 49D1527C27297069001D24EF /* Weather.swift */; };
		49D1527F2729707A001D24EF /* WeatherService.swift in Sources */ = {isa = PBXBuildFile; fileRef = 49D1527E2729707A001D24EF /* WeatherService.swift */; };
		49D15283272971FF001D24EF /* Translate.swift in Sources */ = {isa = PBXBuildFile; fileRef = 49D15282272971FF001D24EF /* Translate.swift */; };
		49D152852729720B001D24EF /* TranlateService.swift in Sources */ = {isa = PBXBuildFile; fileRef = 49D152842729720B001D24EF /* TranlateService.swift */; };
		49F1A7F9273BC6C8000E06B8 /* CurrencyServiceTestCase.swift in Sources */ = {isa = PBXBuildFile; fileRef = 49F1A7F8273BC6C8000E06B8 /* CurrencyServiceTestCase.swift */; };
		49F1A7FB273BC74E000E06B8 /* TranslateServiceTestCase.swift in Sources */ = {isa = PBXBuildFile; fileRef = 49F1A7FA273BC74E000E06B8 /* TranslateServiceTestCase.swift */; };
		49F1A7FD273BC787000E06B8 /* WeatherServiceTestCase.swift in Sources */ = {isa = PBXBuildFile; fileRef = 49F1A7FC273BC787000E06B8 /* WeatherServiceTestCase.swift */; };
/* End PBXBuildFile section */

/* Begin PBXContainerItemProxy section */
		49F1A7F3273BC622000E06B8 /* PBXContainerItemProxy */ = {
			isa = PBXContainerItemProxy;
			containerPortal = 49398F9E270D92F800DD6CE1 /* Project object */;
			proxyType = 1;
			remoteGlobalIDString = 49398FA5270D92F800DD6CE1;
			remoteInfo = App_To_Travel;
		};
/* End PBXContainerItemProxy section */

/* Begin PBXFileReference section */
		49007EB82744FF8F00BEE282 /* FakeURLSession.swift */ = {isa = PBXFileReference; lastKnownFileType = sourcecode.swift; path = FakeURLSession.swift; sourceTree = "<group>"; };
		49007EC427450F0700BEE282 /* Currency.json */ = {isa = PBXFileReference; fileEncoding = 4; lastKnownFileType = text.json; path = Currency.json; sourceTree = "<group>"; };
		49007EC62745109600BEE282 /* FakeResponseData.swift */ = {isa = PBXFileReference; lastKnownFileType = sourcecode.swift; path = FakeResponseData.swift; sourceTree = "<group>"; };
		4927D8CC27297E4100A275E8 /* PostLaunchViewController.swift */ = {isa = PBXFileReference; lastKnownFileType = sourcecode.swift; path = PostLaunchViewController.swift; sourceTree = "<group>"; };
		4937DAC8273BFAE600B2DB97 /* Translate.json */ = {isa = PBXFileReference; fileEncoding = 4; lastKnownFileType = text.json; path = Translate.json; sourceTree = "<group>"; };
		4937DACC273BFAFA00B2DB97 /* Weather.json */ = {isa = PBXFileReference; fileEncoding = 4; lastKnownFileType = text.json; path = Weather.json; sourceTree = "<group>"; };
		4937DACE273BFB0800B2DB97 /* WeatherNY.json */ = {isa = PBXFileReference; fileEncoding = 4; lastKnownFileType = text.json; path = WeatherNY.json; sourceTree = "<group>"; };
		49398FA6270D92F800DD6CE1 /* App_To_Travel.app */ = {isa = PBXFileReference; explicitFileType = wrapper.application; includeInIndex = 0; path = App_To_Travel.app; sourceTree = BUILT_PRODUCTS_DIR; };
		49398FA9270D92F800DD6CE1 /* AppDelegate.swift */ = {isa = PBXFileReference; lastKnownFileType = sourcecode.swift; path = AppDelegate.swift; sourceTree = "<group>"; };
		49398FAB270D92F800DD6CE1 /* SceneDelegate.swift */ = {isa = PBXFileReference; lastKnownFileType = sourcecode.swift; path = SceneDelegate.swift; sourceTree = "<group>"; };
		49398FB0270D92F800DD6CE1 /* Base */ = {isa = PBXFileReference; lastKnownFileType = file.storyboard; name = Base; path = Base.lproj/Main.storyboard; sourceTree = "<group>"; };
		49398FB2270D92FB00DD6CE1 /* Assets.xcassets */ = {isa = PBXFileReference; lastKnownFileType = folder.assetcatalog; path = Assets.xcassets; sourceTree = "<group>"; };
		49398FB5270D92FB00DD6CE1 /* Base */ = {isa = PBXFileReference; lastKnownFileType = file.storyboard; name = Base; path = Base.lproj/LaunchScreen.storyboard; sourceTree = "<group>"; };
		49398FB7270D92FB00DD6CE1 /* Info.plist */ = {isa = PBXFileReference; lastKnownFileType = text.plist.xml; path = Info.plist; sourceTree = "<group>"; };
		495987032746581F00672D96 /* DesignableView.swift */ = {isa = PBXFileReference; fileEncoding = 4; lastKnownFileType = sourcecode.swift; path = DesignableView.swift; sourceTree = "<group>"; };
		496D155927200556007A6461 /* CurrencyViewController.swift */ = {isa = PBXFileReference; lastKnownFileType = sourcecode.swift; path = CurrencyViewController.swift; sourceTree = "<group>"; };
		49A32AAC2729338B00E076FB /* Currency.swift */ = {isa = PBXFileReference; lastKnownFileType = sourcecode.swift; path = Currency.swift; sourceTree = "<group>"; };
		49A7936D274657AF00699F60 /* DesignableButton.swift */ = {isa = PBXFileReference; fileEncoding = 4; lastKnownFileType = sourcecode.swift; path = DesignableButton.swift; sourceTree = "<group>"; };
		49BD93192732985C00875EA6 /* citylist.json */ = {isa = PBXFileReference; fileEncoding = 4; lastKnownFileType = text.json; path = citylist.json; sourceTree = "<group>"; };
		49BD93232732A11F00875EA6 /* ApiKeys.swift */ = {isa = PBXFileReference; lastKnownFileType = sourcecode.swift; path = ApiKeys.swift; sourceTree = "<group>"; };
		49D1526627294CE8001D24EF /* CurrencyService.swift */ = {isa = PBXFileReference; lastKnownFileType = sourcecode.swift; path = CurrencyService.swift; sourceTree = "<group>"; };
		49D1526927294DD1001D24EF /* SettingSerivce.swift */ = {isa = PBXFileReference; lastKnownFileType = sourcecode.swift; path = SettingSerivce.swift; sourceTree = "<group>"; };
		49D1526C27294E2F001D24EF /* Protocol.swift */ = {isa = PBXFileReference; lastKnownFileType = sourcecode.swift; path = Protocol.swift; sourceTree = "<group>"; };
		49D1527027294F9B001D24EF /* CurrenciesListViewController.swift */ = {isa = PBXFileReference; lastKnownFileType = sourcecode.swift; path = CurrenciesListViewController.swift; sourceTree = "<group>"; };
		49D1527227296DC2001D24EF /* ConstomTabBarViewController.swift */ = {isa = PBXFileReference; lastKnownFileType = sourcecode.swift; path = ConstomTabBarViewController.swift; sourceTree = "<group>"; };
		49D1527427296F14001D24EF /* TranslatorViewController.swift */ = {isa = PBXFileReference; lastKnownFileType = sourcecode.swift; path = TranslatorViewController.swift; sourceTree = "<group>"; };
		49D1527627296F56001D24EF /* WeatherViewController.swift */ = {isa = PBXFileReference; lastKnownFileType = sourcecode.swift; path = WeatherViewController.swift; sourceTree = "<group>"; };
		49D1527827296F8F001D24EF /* CityListViewController.swift */ = {isa = PBXFileReference; lastKnownFileType = sourcecode.swift; path = CityListViewController.swift; sourceTree = "<group>"; };
		49D1527A27297008001D24EF /* City.swift */ = {isa = PBXFileReference; lastKnownFileType = sourcecode.swift; path = City.swift; sourceTree = "<group>"; };
		49D1527C27297069001D24EF /* Weather.swift */ = {isa = PBXFileReference; lastKnownFileType = sourcecode.swift; path = Weather.swift; sourceTree = "<group>"; };
		49D1527E2729707A001D24EF /* WeatherService.swift */ = {isa = PBXFileReference; lastKnownFileType = sourcecode.swift; path = WeatherService.swift; sourceTree = "<group>"; };
		49D15282272971FF001D24EF /* Translate.swift */ = {isa = PBXFileReference; lastKnownFileType = sourcecode.swift; path = Translate.swift; sourceTree = "<group>"; };
		49D152842729720B001D24EF /* TranlateService.swift */ = {isa = PBXFileReference; lastKnownFileType = sourcecode.swift; path = TranlateService.swift; sourceTree = "<group>"; };
		49F1A7EF273BC622000E06B8 /* App_To_TravelTests.xctest */ = {isa = PBXFileReference; explicitFileType = wrapper.cfbundle; includeInIndex = 0; path = App_To_TravelTests.xctest; sourceTree = BUILT_PRODUCTS_DIR; };
		49F1A7F8273BC6C8000E06B8 /* CurrencyServiceTestCase.swift */ = {isa = PBXFileReference; lastKnownFileType = sourcecode.swift; path = CurrencyServiceTestCase.swift; sourceTree = "<group>"; };
		49F1A7FA273BC74E000E06B8 /* TranslateServiceTestCase.swift */ = {isa = PBXFileReference; lastKnownFileType = sourcecode.swift; path = TranslateServiceTestCase.swift; sourceTree = "<group>"; };
		49F1A7FC273BC787000E06B8 /* WeatherServiceTestCase.swift */ = {isa = PBXFileReference; lastKnownFileType = sourcecode.swift; path = WeatherServiceTestCase.swift; sourceTree = "<group>"; };
/* End PBXFileReference section */

/* Begin PBXFrameworksBuildPhase section */
		49398FA3270D92F800DD6CE1 /* Frameworks */ = {
			isa = PBXFrameworksBuildPhase;
			buildActionMask = 2147483647;
			files = (
			);
			runOnlyForDeploymentPostprocessing = 0;
		};
		49F1A7EC273BC622000E06B8 /* Frameworks */ = {
			isa = PBXFrameworksBuildPhase;
			buildActionMask = 2147483647;
			files = (
			);
			runOnlyForDeploymentPostprocessing = 0;
		};
/* End PBXFrameworksBuildPhase section */

/* Begin PBXGroup section */
		49398F9D270D92F800DD6CE1 = {
			isa = PBXGroup;
			children = (
				49398FA8270D92F800DD6CE1 /* App_To_Travel */,
				49F1A7F0273BC622000E06B8 /* App_To_TravelTests */,
				49398FA7270D92F800DD6CE1 /* Products */,
			);
			sourceTree = "<group>";
		};
		49398FA7270D92F800DD6CE1 /* Products */ = {
			isa = PBXGroup;
			children = (
				49398FA6270D92F800DD6CE1 /* App_To_Travel.app */,
				49F1A7EF273BC622000E06B8 /* App_To_TravelTests.xctest */,
			);
			name = Products;
			sourceTree = "<group>";
		};
		49398FA8270D92F800DD6CE1 /* App_To_Travel */ = {
			isa = PBXGroup;
			children = (
				49398FBD270D933600DD6CE1 /* Model */,
				49398FBE270D935600DD6CE1 /* View */,
				49398FBF270D936500DD6CE1 /* Controller */,
				49BD93182732981A00875EA6 /* Ressource */,
				49398FB7270D92FB00DD6CE1 /* Info.plist */,
				49398FC0270D93CD00DD6CE1 /* Suporting Files */,
			);
			path = App_To_Travel;
			sourceTree = "<group>";
		};
		49398FBD270D933600DD6CE1 /* Model */ = {
			isa = PBXGroup;
			children = (
				49D15280272971D1001D24EF /* Translate */,
				49D1526B27294E10001D24EF /* Weather */,
				49D1526827294D0C001D24EF /* Currency */,
				49BD93232732A11F00875EA6 /* ApiKeys.swift */,
				49D1526927294DD1001D24EF /* SettingSerivce.swift */,
				49D1526C27294E2F001D24EF /* Protocol.swift */,
				49D1527A27297008001D24EF /* City.swift */,
			);
			path = Model;
			sourceTree = "<group>";
		};
		49398FBE270D935600DD6CE1 /* View */ = {
			isa = PBXGroup;
			children = (
				495987032746581F00672D96 /* DesignableView.swift */,
				49A7936D274657AF00699F60 /* DesignableButton.swift */,
				49398FAF270D92F800DD6CE1 /* Main.storyboard */,
				49398FB4270D92FB00DD6CE1 /* LaunchScreen.storyboard */,
			);
			path = View;
			sourceTree = "<group>";
		};
		49398FBF270D936500DD6CE1 /* Controller */ = {
			isa = PBXGroup;
			children = (
				4927D8CC27297E4100A275E8 /* PostLaunchViewController.swift */,
				49D1527227296DC2001D24EF /* ConstomTabBarViewController.swift */,
				496D155927200556007A6461 /* CurrencyViewController.swift */,
				49D1527027294F9B001D24EF /* CurrenciesListViewController.swift */,
				49D1527427296F14001D24EF /* TranslatorViewController.swift */,
				49D1527627296F56001D24EF /* WeatherViewController.swift */,
				49D1527827296F8F001D24EF /* CityListViewController.swift */,
			);
			path = Controller;
			sourceTree = "<group>";
		};
		49398FC0270D93CD00DD6CE1 /* Suporting Files */ = {
			isa = PBXGroup;
			children = (
				49398FB2270D92FB00DD6CE1 /* Assets.xcassets */,
				49398FAB270D92F800DD6CE1 /* SceneDelegate.swift */,
				49398FA9270D92F800DD6CE1 /* AppDelegate.swift */,
			);
			path = "Suporting Files";
			sourceTree = "<group>";
		};
		49BD93182732981A00875EA6 /* Ressource */ = {
			isa = PBXGroup;
			children = (
				49BD93192732985C00875EA6 /* citylist.json */,
			);
			path = Ressource;
			sourceTree = "<group>";
		};
		49D1526827294D0C001D24EF /* Currency */ = {
			isa = PBXGroup;
			children = (
				49D1526627294CE8001D24EF /* CurrencyService.swift */,
				49A32AAC2729338B00E076FB /* Currency.swift */,
			);
			path = Currency;
			sourceTree = "<group>";
		};
		49D1526B27294E10001D24EF /* Weather */ = {
			isa = PBXGroup;
			children = (
				49D1527E2729707A001D24EF /* WeatherService.swift */,
				49D1527C27297069001D24EF /* Weather.swift */,
			);
			path = Weather;
			sourceTree = "<group>";
		};
		49D15280272971D1001D24EF /* Translate */ = {
			isa = PBXGroup;
			children = (
				49D152842729720B001D24EF /* TranlateService.swift */,
				49D15282272971FF001D24EF /* Translate.swift */,
			);
			path = Translate;
			sourceTree = "<group>";
		};
		49F1A7F0273BC622000E06B8 /* App_To_TravelTests */ = {
			isa = PBXGroup;
			children = (
				49007EC427450F0700BEE282 /* Currency.json */,
				4937DAC8273BFAE600B2DB97 /* Translate.json */,
				4937DACC273BFAFA00B2DB97 /* Weather.json */,
				4937DACE273BFB0800B2DB97 /* WeatherNY.json */,
				49F1A7F8273BC6C8000E06B8 /* CurrencyServiceTestCase.swift */,
				49F1A7FA273BC74E000E06B8 /* TranslateServiceTestCase.swift */,
				49F1A7FC273BC787000E06B8 /* WeatherServiceTestCase.swift */,
				49007EC62745109600BEE282 /* FakeResponseData.swift */,
				49007EB82744FF8F00BEE282 /* FakeURLSession.swift */,
			);
			path = App_To_TravelTests;
			sourceTree = "<group>";
		};
/* End PBXGroup section */

/* Begin PBXNativeTarget section */
		49398FA5270D92F800DD6CE1 /* App_To_Travel */ = {
			isa = PBXNativeTarget;
			buildConfigurationList = 49398FBA270D92FB00DD6CE1 /* Build configuration list for PBXNativeTarget "App_To_Travel" */;
			buildPhases = (
				49398FA2270D92F800DD6CE1 /* Sources */,
				49398FA3270D92F800DD6CE1 /* Frameworks */,
				49398FA4270D92F800DD6CE1 /* Resources */,
			);
			buildRules = (
			);
			dependencies = (
			);
			name = App_To_Travel;
			productName = App_To_Travel;
			productReference = 49398FA6270D92F800DD6CE1 /* App_To_Travel.app */;
			productType = "com.apple.product-type.application";
		};
		49F1A7EE273BC622000E06B8 /* App_To_TravelTests */ = {
			isa = PBXNativeTarget;
			buildConfigurationList = 49F1A7F7273BC622000E06B8 /* Build configuration list for PBXNativeTarget "App_To_TravelTests" */;
			buildPhases = (
				49F1A7EB273BC622000E06B8 /* Sources */,
				49F1A7EC273BC622000E06B8 /* Frameworks */,
				49F1A7ED273BC622000E06B8 /* Resources */,
			);
			buildRules = (
			);
			dependencies = (
				49F1A7F4273BC622000E06B8 /* PBXTargetDependency */,
			);
			name = App_To_TravelTests;
			productName = App_To_TravelTests;
			productReference = 49F1A7EF273BC622000E06B8 /* App_To_TravelTests.xctest */;
			productType = "com.apple.product-type.bundle.unit-test";
		};
/* End PBXNativeTarget section */

/* Begin PBXProject section */
		49398F9E270D92F800DD6CE1 /* Project object */ = {
			isa = PBXProject;
			attributes = {
				BuildIndependentTargetsInParallel = 1;
				LastSwiftUpdateCheck = 1310;
				LastUpgradeCheck = 1300;
				TargetAttributes = {
					49398FA5270D92F800DD6CE1 = {
						CreatedOnToolsVersion = 13.0;
					};
					49F1A7EE273BC622000E06B8 = {
						CreatedOnToolsVersion = 13.1;
						TestTargetID = 49398FA5270D92F800DD6CE1;
					};
				};
			};
			buildConfigurationList = 49398FA1270D92F800DD6CE1 /* Build configuration list for PBXProject "App_To_Travel" */;
			compatibilityVersion = "Xcode 13.0";
			developmentRegion = en;
			hasScannedForEncodings = 0;
			knownRegions = (
				en,
				Base,
			);
			mainGroup = 49398F9D270D92F800DD6CE1;
			productRefGroup = 49398FA7270D92F800DD6CE1 /* Products */;
			projectDirPath = "";
			projectRoot = "";
			targets = (
				49398FA5270D92F800DD6CE1 /* App_To_Travel */,
				49F1A7EE273BC622000E06B8 /* App_To_TravelTests */,
			);
		};
/* End PBXProject section */

/* Begin PBXResourcesBuildPhase section */
		49398FA4270D92F800DD6CE1 /* Resources */ = {
			isa = PBXResourcesBuildPhase;
			buildActionMask = 2147483647;
			files = (
				49398FB6270D92FB00DD6CE1 /* LaunchScreen.storyboard in Resources */,
				49398FB3270D92FB00DD6CE1 /* Assets.xcassets in Resources */,
				49BD931A2732985C00875EA6 /* citylist.json in Resources */,
				49398FB1270D92F800DD6CE1 /* Main.storyboard in Resources */,
			);
			runOnlyForDeploymentPostprocessing = 0;
		};
		49F1A7ED273BC622000E06B8 /* Resources */ = {
			isa = PBXResourcesBuildPhase;
			buildActionMask = 2147483647;
			files = (
				4937DAC9273BFAE600B2DB97 /* Translate.json in Resources */,
				49007EC527450F0700BEE282 /* Currency.json in Resources */,
				4937DACF273BFB0800B2DB97 /* WeatherNY.json in Resources */,
				4937DACD273BFAFA00B2DB97 /* Weather.json in Resources */,
			);
			runOnlyForDeploymentPostprocessing = 0;
		};
/* End PBXResourcesBuildPhase section */

/* Begin PBXSourcesBuildPhase section */
		49398FA2270D92F800DD6CE1 /* Sources */ = {
			isa = PBXSourcesBuildPhase;
			buildActionMask = 2147483647;
			files = (
				49D1527F2729707A001D24EF /* WeatherService.swift in Sources */,
				496D155A27200556007A6461 /* CurrencyViewController.swift in Sources */,
				49D1527727296F56001D24EF /* WeatherViewController.swift in Sources */,
				49A7936E274657AF00699F60 /* DesignableButton.swift in Sources */,
				49D1527527296F14001D24EF /* TranslatorViewController.swift in Sources */,
				49D152852729720B001D24EF /* TranlateService.swift in Sources */,
				49A32AAD2729338B00E076FB /* Currency.swift in Sources */,
				49D1527D27297069001D24EF /* Weather.swift in Sources */,
				4927D8CD27297E4100A275E8 /* PostLaunchViewController.swift in Sources */,
				49D1526D27294E2F001D24EF /* Protocol.swift in Sources */,
				49BD93242732A11F00875EA6 /* ApiKeys.swift in Sources */,
				495987042746582000672D96 /* DesignableView.swift in Sources */,
				49D1527B27297008001D24EF /* City.swift in Sources */,
				49398FAA270D92F800DD6CE1 /* AppDelegate.swift in Sources */,
				49D1526727294CE8001D24EF /* CurrencyService.swift in Sources */,
				49D1526A27294DD1001D24EF /* SettingSerivce.swift in Sources */,
				49D1527927296F8F001D24EF /* CityListViewController.swift in Sources */,
				49D1527127294F9B001D24EF /* CurrenciesListViewController.swift in Sources */,
				49D1527327296DC2001D24EF /* ConstomTabBarViewController.swift in Sources */,
				49D15283272971FF001D24EF /* Translate.swift in Sources */,
				49398FAC270D92F800DD6CE1 /* SceneDelegate.swift in Sources */,
			);
			runOnlyForDeploymentPostprocessing = 0;
		};
		49F1A7EB273BC622000E06B8 /* Sources */ = {
			isa = PBXSourcesBuildPhase;
			buildActionMask = 2147483647;
			files = (
				49007EC72745109600BEE282 /* FakeResponseData.swift in Sources */,
				49007EB92744FF8F00BEE282 /* FakeURLSession.swift in Sources */,
				49F1A7FD273BC787000E06B8 /* WeatherServiceTestCase.swift in Sources */,
				49F1A7F9273BC6C8000E06B8 /* CurrencyServiceTestCase.swift in Sources */,
				49F1A7FB273BC74E000E06B8 /* TranslateServiceTestCase.swift in Sources */,
			);
			runOnlyForDeploymentPostprocessing = 0;
		};
/* End PBXSourcesBuildPhase section */

/* Begin PBXTargetDependency section */
		49F1A7F4273BC622000E06B8 /* PBXTargetDependency */ = {
			isa = PBXTargetDependency;
			target = 49398FA5270D92F800DD6CE1 /* App_To_Travel */;
			targetProxy = 49F1A7F3273BC622000E06B8 /* PBXContainerItemProxy */;
		};
/* End PBXTargetDependency section */

/* Begin PBXVariantGroup section */
		49398FAF270D92F800DD6CE1 /* Main.storyboard */ = {
			isa = PBXVariantGroup;
			children = (
				49398FB0270D92F800DD6CE1 /* Base */,
			);
			name = Main.storyboard;
			sourceTree = "<group>";
		};
		49398FB4270D92FB00DD6CE1 /* LaunchScreen.storyboard */ = {
			isa = PBXVariantGroup;
			children = (
				49398FB5270D92FB00DD6CE1 /* Base */,
			);
			name = LaunchScreen.storyboard;
			sourceTree = "<group>";
		};
/* End PBXVariantGroup section */

/* Begin XCBuildConfiguration section */
		49398FB8270D92FB00DD6CE1 /* Debug */ = {
			isa = XCBuildConfiguration;
			buildSettings = {
				ALWAYS_SEARCH_USER_PATHS = NO;
				CLANG_ANALYZER_NONNULL = YES;
				CLANG_ANALYZER_NUMBER_OBJECT_CONVERSION = YES_AGGRESSIVE;
				CLANG_CXX_LANGUAGE_STANDARD = "gnu++17";
				CLANG_CXX_LIBRARY = "libc++";
				CLANG_ENABLE_MODULES = YES;
				CLANG_ENABLE_OBJC_ARC = YES;
				CLANG_ENABLE_OBJC_WEAK = YES;
				CLANG_WARN_BLOCK_CAPTURE_AUTORELEASING = YES;
				CLANG_WARN_BOOL_CONVERSION = YES;
				CLANG_WARN_COMMA = YES;
				CLANG_WARN_CONSTANT_CONVERSION = YES;
				CLANG_WARN_DEPRECATED_OBJC_IMPLEMENTATIONS = YES;
				CLANG_WARN_DIRECT_OBJC_ISA_USAGE = YES_ERROR;
				CLANG_WARN_DOCUMENTATION_COMMENTS = YES;
				CLANG_WARN_EMPTY_BODY = YES;
				CLANG_WARN_ENUM_CONVERSION = YES;
				CLANG_WARN_INFINITE_RECURSION = YES;
				CLANG_WARN_INT_CONVERSION = YES;
				CLANG_WARN_NON_LITERAL_NULL_CONVERSION = YES;
				CLANG_WARN_OBJC_IMPLICIT_RETAIN_SELF = YES;
				CLANG_WARN_OBJC_LITERAL_CONVERSION = YES;
				CLANG_WARN_OBJC_ROOT_CLASS = YES_ERROR;
				CLANG_WARN_QUOTED_INCLUDE_IN_FRAMEWORK_HEADER = YES;
				CLANG_WARN_RANGE_LOOP_ANALYSIS = YES;
				CLANG_WARN_STRICT_PROTOTYPES = YES;
				CLANG_WARN_SUSPICIOUS_MOVE = YES;
				CLANG_WARN_UNGUARDED_AVAILABILITY = YES_AGGRESSIVE;
				CLANG_WARN_UNREACHABLE_CODE = YES;
				CLANG_WARN__DUPLICATE_METHOD_MATCH = YES;
				COPY_PHASE_STRIP = NO;
				DEBUG_INFORMATION_FORMAT = dwarf;
				ENABLE_STRICT_OBJC_MSGSEND = YES;
				ENABLE_TESTABILITY = YES;
				GCC_C_LANGUAGE_STANDARD = gnu11;
				GCC_DYNAMIC_NO_PIC = NO;
				GCC_NO_COMMON_BLOCKS = YES;
				GCC_OPTIMIZATION_LEVEL = 0;
				GCC_PREPROCESSOR_DEFINITIONS = (
					"DEBUG=1",
					"$(inherited)",
				);
				GCC_WARN_64_TO_32_BIT_CONVERSION = YES;
				GCC_WARN_ABOUT_RETURN_TYPE = YES_ERROR;
				GCC_WARN_UNDECLARED_SELECTOR = YES;
				GCC_WARN_UNINITIALIZED_AUTOS = YES_AGGRESSIVE;
				GCC_WARN_UNUSED_FUNCTION = YES;
				GCC_WARN_UNUSED_VARIABLE = YES;
				IPHONEOS_DEPLOYMENT_TARGET = 15.0;
				MTL_ENABLE_DEBUG_INFO = INCLUDE_SOURCE;
				MTL_FAST_MATH = YES;
				ONLY_ACTIVE_ARCH = YES;
				SDKROOT = iphoneos;
				SWIFT_ACTIVE_COMPILATION_CONDITIONS = DEBUG;
				SWIFT_OPTIMIZATION_LEVEL = "-Onone";
			};
			name = Debug;
		};
		49398FB9270D92FB00DD6CE1 /* Release */ = {
			isa = XCBuildConfiguration;
			buildSettings = {
				ALWAYS_SEARCH_USER_PATHS = NO;
				CLANG_ANALYZER_NONNULL = YES;
				CLANG_ANALYZER_NUMBER_OBJECT_CONVERSION = YES_AGGRESSIVE;
				CLANG_CXX_LANGUAGE_STANDARD = "gnu++17";
				CLANG_CXX_LIBRARY = "libc++";
				CLANG_ENABLE_MODULES = YES;
				CLANG_ENABLE_OBJC_ARC = YES;
				CLANG_ENABLE_OBJC_WEAK = YES;
				CLANG_WARN_BLOCK_CAPTURE_AUTORELEASING = YES;
				CLANG_WARN_BOOL_CONVERSION = YES;
				CLANG_WARN_COMMA = YES;
				CLANG_WARN_CONSTANT_CONVERSION = YES;
				CLANG_WARN_DEPRECATED_OBJC_IMPLEMENTATIONS = YES;
				CLANG_WARN_DIRECT_OBJC_ISA_USAGE = YES_ERROR;
				CLANG_WARN_DOCUMENTATION_COMMENTS = YES;
				CLANG_WARN_EMPTY_BODY = YES;
				CLANG_WARN_ENUM_CONVERSION = YES;
				CLANG_WARN_INFINITE_RECURSION = YES;
				CLANG_WARN_INT_CONVERSION = YES;
				CLANG_WARN_NON_LITERAL_NULL_CONVERSION = YES;
				CLANG_WARN_OBJC_IMPLICIT_RETAIN_SELF = YES;
				CLANG_WARN_OBJC_LITERAL_CONVERSION = YES;
				CLANG_WARN_OBJC_ROOT_CLASS = YES_ERROR;
				CLANG_WARN_QUOTED_INCLUDE_IN_FRAMEWORK_HEADER = YES;
				CLANG_WARN_RANGE_LOOP_ANALYSIS = YES;
				CLANG_WARN_STRICT_PROTOTYPES = YES;
				CLANG_WARN_SUSPICIOUS_MOVE = YES;
				CLANG_WARN_UNGUARDED_AVAILABILITY = YES_AGGRESSIVE;
				CLANG_WARN_UNREACHABLE_CODE = YES;
				CLANG_WARN__DUPLICATE_METHOD_MATCH = YES;
				COPY_PHASE_STRIP = NO;
				DEBUG_INFORMATION_FORMAT = "dwarf-with-dsym";
				ENABLE_NS_ASSERTIONS = NO;
				ENABLE_STRICT_OBJC_MSGSEND = YES;
				GCC_C_LANGUAGE_STANDARD = gnu11;
				GCC_NO_COMMON_BLOCKS = YES;
				GCC_WARN_64_TO_32_BIT_CONVERSION = YES;
				GCC_WARN_ABOUT_RETURN_TYPE = YES_ERROR;
				GCC_WARN_UNDECLARED_SELECTOR = YES;
				GCC_WARN_UNINITIALIZED_AUTOS = YES_AGGRESSIVE;
				GCC_WARN_UNUSED_FUNCTION = YES;
				GCC_WARN_UNUSED_VARIABLE = YES;
				IPHONEOS_DEPLOYMENT_TARGET = 15.0;
				MTL_ENABLE_DEBUG_INFO = NO;
				MTL_FAST_MATH = YES;
				SDKROOT = iphoneos;
				SWIFT_COMPILATION_MODE = wholemodule;
				SWIFT_OPTIMIZATION_LEVEL = "-O";
				VALIDATE_PRODUCT = YES;
			};
			name = Release;
		};
		49398FBB270D92FB00DD6CE1 /* Debug */ = {
			isa = XCBuildConfiguration;
			buildSettings = {
				ASSETCATALOG_COMPILER_APPICON_NAME = AppIcon;
				ASSETCATALOG_COMPILER_GLOBAL_ACCENT_COLOR_NAME = AccentColor;
				CODE_SIGN_STYLE = Automatic;
				CURRENT_PROJECT_VERSION = 1;
				DEVELOPMENT_TEAM = NG7UFN6T72;
				GENERATE_INFOPLIST_FILE = YES;
				INFOPLIST_FILE = App_To_Travel/Info.plist;
				INFOPLIST_KEY_UIApplicationSupportsIndirectInputEvents = YES;
				INFOPLIST_KEY_UILaunchStoryboardName = LaunchScreen;
				INFOPLIST_KEY_UIMainStoryboardFile = Main;
				INFOPLIST_KEY_UISupportedInterfaceOrientations = "";
				INFOPLIST_KEY_UISupportedInterfaceOrientations_iPad = "UIInterfaceOrientationPortrait UIInterfaceOrientationPortraitUpsideDown UIInterfaceOrientationLandscapeLeft UIInterfaceOrientationLandscapeRight";
				INFOPLIST_KEY_UISupportedInterfaceOrientations_iPhone = "UIInterfaceOrientationPortrait UIInterfaceOrientationLandscapeLeft UIInterfaceOrientationLandscapeRight";
				IPHONEOS_DEPLOYMENT_TARGET = 15.0;
				LD_RUNPATH_SEARCH_PATHS = (
					"$(inherited)",
					"@executable_path/Frameworks",
				);
				MARKETING_VERSION = 1.0;
				PRODUCT_BUNDLE_IDENTIFIER = "kiefferlea.App-To-Travel";
				PRODUCT_NAME = "$(TARGET_NAME)";
				SWIFT_EMIT_LOC_STRINGS = YES;
				SWIFT_VERSION = 5.0;
				TARGETED_DEVICE_FAMILY = 1;
			};
			name = Debug;
		};
		49398FBC270D92FB00DD6CE1 /* Release */ = {
			isa = XCBuildConfiguration;
			buildSettings = {
				ASSETCATALOG_COMPILER_APPICON_NAME = AppIcon;
				ASSETCATALOG_COMPILER_GLOBAL_ACCENT_COLOR_NAME = AccentColor;
				CODE_SIGN_STYLE = Automatic;
				CURRENT_PROJECT_VERSION = 1;
				DEVELOPMENT_TEAM = NG7UFN6T72;
				GENERATE_INFOPLIST_FILE = YES;
				INFOPLIST_FILE = App_To_Travel/Info.plist;
				INFOPLIST_KEY_UIApplicationSupportsIndirectInputEvents = YES;
				INFOPLIST_KEY_UILaunchStoryboardName = LaunchScreen;
				INFOPLIST_KEY_UIMainStoryboardFile = Main;
				INFOPLIST_KEY_UISupportedInterfaceOrientations = "";
				INFOPLIST_KEY_UISupportedInterfaceOrientations_iPad = "UIInterfaceOrientationPortrait UIInterfaceOrientationPortraitUpsideDown UIInterfaceOrientationLandscapeLeft UIInterfaceOrientationLandscapeRight";
				INFOPLIST_KEY_UISupportedInterfaceOrientations_iPhone = "UIInterfaceOrientationPortrait UIInterfaceOrientationLandscapeLeft UIInterfaceOrientationLandscapeRight";
				IPHONEOS_DEPLOYMENT_TARGET = 15.0;
				LD_RUNPATH_SEARCH_PATHS = (
					"$(inherited)",
					"@executable_path/Frameworks",
				);
				MARKETING_VERSION = 1.0;
				PRODUCT_BUNDLE_IDENTIFIER = "kiefferlea.App-To-Travel";
				PRODUCT_NAME = "$(TARGET_NAME)";
				SWIFT_EMIT_LOC_STRINGS = YES;
				SWIFT_VERSION = 5.0;
				TARGETED_DEVICE_FAMILY = 1;
			};
			name = Release;
		};
		49F1A7F5273BC622000E06B8 /* Debug */ = {
			isa = XCBuildConfiguration;
			buildSettings = {
				BUNDLE_LOADER = "$(TEST_HOST)";
				CODE_SIGN_STYLE = Automatic;
				CURRENT_PROJECT_VERSION = 1;
				DEVELOPMENT_TEAM = NG7UFN6T72;
				GENERATE_INFOPLIST_FILE = YES;
				LD_RUNPATH_SEARCH_PATHS = (
					"$(inherited)",
					"@executable_path/Frameworks",
					"@loader_path/Frameworks",
				);
				MARKETING_VERSION = 1.0;
				PRODUCT_BUNDLE_IDENTIFIER = "kiefferlea.App-To-TravelTests";
				PRODUCT_NAME = "$(TARGET_NAME)";
				SWIFT_EMIT_LOC_STRINGS = NO;
				SWIFT_VERSION = 5.0;
				TARGETED_DEVICE_FAMILY = "1,2";
				TEST_HOST = "$(BUILT_PRODUCTS_DIR)/App_To_Travel.app/App_To_Travel";
			};
			name = Debug;
		};
		49F1A7F6273BC622000E06B8 /* Release */ = {
			isa = XCBuildConfiguration;
			buildSettings = {
				BUNDLE_LOADER = "$(TEST_HOST)";
				CODE_SIGN_STYLE = Automatic;
				CURRENT_PROJECT_VERSION = 1;
				DEVELOPMENT_TEAM = NG7UFN6T72;
				GENERATE_INFOPLIST_FILE = YES;
				LD_RUNPATH_SEARCH_PATHS = (
					"$(inherited)",
					"@executable_path/Frameworks",
					"@loader_path/Frameworks",
				);
				MARKETING_VERSION = 1.0;
				PRODUCT_BUNDLE_IDENTIFIER = "kiefferlea.App-To-TravelTests";
				PRODUCT_NAME = "$(TARGET_NAME)";
				SWIFT_EMIT_LOC_STRINGS = NO;
				SWIFT_VERSION = 5.0;
				TARGETED_DEVICE_FAMILY = "1,2";
				TEST_HOST = "$(BUILT_PRODUCTS_DIR)/App_To_Travel.app/App_To_Travel";
			};
			name = Release;
		};
/* End XCBuildConfiguration section */

/* Begin XCConfigurationList section */
		49398FA1270D92F800DD6CE1 /* Build configuration list for PBXProject "App_To_Travel" */ = {
			isa = XCConfigurationList;
			buildConfigurations = (
				49398FB8270D92FB00DD6CE1 /* Debug */,
				49398FB9270D92FB00DD6CE1 /* Release */,
			);
			defaultConfigurationIsVisible = 0;
			defaultConfigurationName = Release;
		};
		49398FBA270D92FB00DD6CE1 /* Build configuration list for PBXNativeTarget "App_To_Travel" */ = {
			isa = XCConfigurationList;
			buildConfigurations = (
				49398FBB270D92FB00DD6CE1 /* Debug */,
				49398FBC270D92FB00DD6CE1 /* Release */,
			);
			defaultConfigurationIsVisible = 0;
			defaultConfigurationName = Release;
		};
		49F1A7F7273BC622000E06B8 /* Build configuration list for PBXNativeTarget "App_To_TravelTests" */ = {
			isa = XCConfigurationList;
			buildConfigurations = (
				49F1A7F5273BC622000E06B8 /* Debug */,
				49F1A7F6273BC622000E06B8 /* Release */,
			);
			defaultConfigurationIsVisible = 0;
			defaultConfigurationName = Release;
		};
/* End XCConfigurationList section */
	};
	rootObject = 49398F9E270D92F800DD6CE1 /* Project object */;
}
